<?xml version="1.0" encoding="utf-8"?>
<Project ToolsVersion="4.0" xmlns="http://schemas.microsoft.com/developer/msbuild/2003">
  <ItemGroup>
    <Filter Include="소스 파일">
      <UniqueIdentifier>{4FC737F1-C7A5-4376-A066-2A32D752A2FF}</UniqueIdentifier>
      <Extensions>cpp;c;cc;cxx;def;odl;idl;hpj;bat;asm;asmx</Extensions>
    </Filter>
    <Filter Include="헤더 파일">
      <UniqueIdentifier>{93995380-89BD-4b04-88EB-625FBE52EBFB}</UniqueIdentifier>
      <Extensions>h;hh;hpp;hxx;hm;inl;inc;ipp;xsd</Extensions>
    </Filter>
    <Filter Include="리소스 파일">
      <UniqueIdentifier>{67DA6AB6-F800-4c08-8B7A-83BB121AAD01}</UniqueIdentifier>
      <Extensions>rc;ico;cur;bmp;dlg;rc2;rct;bin;rgs;gif;jpg;jpeg;jpe;resx;tiff;tif;png;wav;mfcribbon-ms</Extensions>
    </Filter>
  </ItemGroup>
  <ItemGroup>
    <ClCompile Include="1_STL_PREVIEW1.cpp">
      <Filter>소스 파일</Filter>
    </ClCompile>
    <ClCompile Include="2_STL_ALGORITHM1.cpp">
      <Filter>소스 파일</Filter>
    </ClCompile>
    <ClCompile Include="2_STL_ALGORITHM2.cpp">
      <Filter>소스 파일</Filter>
    </ClCompile>
    <ClCompile Include="2_STL_ALGORITHM3.cpp">
      <Filter>소스 파일</Filter>
    </ClCompile>
    <ClCompile Include="2_STL_ALGORITHM4.cpp">
      <Filter>소스 파일</Filter>
    </ClCompile>
    <ClCompile Include="2_STL_ALGORITHM5.cpp">
      <Filter>소스 파일</Filter>
    </ClCompile>
    <ClCompile Include="3_CONTAINER1.cpp">
      <Filter>소스 파일</Filter>
    </ClCompile>
    <ClCompile Include="3_CONTAINER2.cpp">
      <Filter>소스 파일</Filter>
    </ClCompile>
    <ClCompile Include="3_CONTAINER3.cpp">
      <Filter>소스 파일</Filter>
    </ClCompile>
    <ClCompile Include="4_typename1.cpp">
      <Filter>소스 파일</Filter>
    </ClCompile>
    <ClCompile Include="4_typename2.cpp">
      <Filter>소스 파일</Filter>
    </ClCompile>
    <ClCompile Include="5_iterator1.cpp">
      <Filter>소스 파일</Filter>
    </ClCompile>
    <ClCompile Include="5_iterator2.cpp">
      <Filter>소스 파일</Filter>
    </ClCompile>
    <ClCompile Include="5_iterator3.cpp">
      <Filter>소스 파일</Filter>
    </ClCompile>
    <ClCompile Include="5_iterator4.cpp">
      <Filter>소스 파일</Filter>
    </ClCompile>
    <ClCompile Include="5_iterator5.cpp">
      <Filter>소스 파일</Filter>
    </ClCompile>
    <ClCompile Include="5_iterator6.cpp">
      <Filter>소스 파일</Filter>
    </ClCompile>
    <ClCompile Include="6_CATEGORY1.cpp">
      <Filter>소스 파일</Filter>
    </ClCompile>
    <ClCompile Include="6_CATEGORY2.cpp">
      <Filter>소스 파일</Filter>
    </ClCompile>
    <ClCompile Include="6_CATEGORY3.cpp">
      <Filter>소스 파일</Filter>
    </ClCompile>
    <ClCompile Include="6_CATEGORY4.cpp">
      <Filter>소스 파일</Filter>
    </ClCompile>
    <ClCompile Include="6_TRAITS1.cpp">
      <Filter>소스 파일</Filter>
    </ClCompile>
    <ClCompile Include="6_TRAITS2.cpp">
      <Filter>소스 파일</Filter>
    </ClCompile>
    <ClCompile Include="6_TRAITS3.cpp">
      <Filter>소스 파일</Filter>
    </ClCompile>
    <ClCompile Include="7_insert1.cpp">
      <Filter>소스 파일</Filter>
    </ClCompile>
    <ClCompile Include="7_insert2.cpp">
      <Filter>소스 파일</Filter>
    </ClCompile>
    <ClCompile Include="7_insert3.cpp">
      <Filter>소스 파일</Filter>
    </ClCompile>
    <ClCompile Include="7_insert4.cpp">
      <Filter>소스 파일</Filter>
    </ClCompile>
    <ClCompile Include="7_insert5.cpp">
      <Filter>소스 파일</Filter>
    </ClCompile>
    <ClCompile Include="8_stream1.cpp">
      <Filter>소스 파일</Filter>
    </ClCompile>
    <ClCompile Include="8_stream2.cpp">
      <Filter>소스 파일</Filter>
    </ClCompile>
    <ClCompile Include="8_stream3.cpp">
      <Filter>소스 파일</Filter>
    </ClCompile>
    <ClCompile Include="8_stream4.cpp">
      <Filter>소스 파일</Filter>
    </ClCompile>
    <ClCompile Include="8_stream5.cpp">
      <Filter>소스 파일</Filter>
    </ClCompile>
    <ClCompile Include="9_stream6.cpp">
      <Filter>소스 파일</Filter>
    </ClCompile>
    <ClCompile Include="1_STL_PREVIEW2.cpp">
      <Filter>소스 파일</Filter>
    </ClCompile>
    <ClCompile Include="3_CONTAINER4.cpp">
      <Filter>소스 파일</Filter>
    </ClCompile>
    <ClCompile Include="note.cpp">
      <Filter>소스 파일</Filter>
    </ClCompile>
    <ClCompile Include="2_STL_ALGORITHM6.cpp">
      <Filter>소스 파일</Filter>
    </ClCompile>
    <ClCompile Include="3_CONTAINER5.cpp">
      <Filter>소스 파일</Filter>
    </ClCompile>
    <ClCompile Include="6_CATEGORY2_1.cpp">
      <Filter>소스 파일</Filter>
    </ClCompile>
    <ClCompile Include="6_CATEGORY2_2.cpp">
      <Filter>소스 파일</Filter>
    </ClCompile>
    <ClCompile Include="7_insert1_2.cpp">
      <Filter>소스 파일</Filter>
    </ClCompile>
    <ClCompile Include="7_insert1_1.cpp">
      <Filter>소스 파일</Filter>
    </ClCompile>
  </ItemGroup>
</Project>