<?xml version="1.0" encoding="utf-8"?>
<Project ToolsVersion="4.0" xmlns="http://schemas.microsoft.com/developer/msbuild/2003">
  <ItemGroup>
    <Filter Include="소스 파일">
      <UniqueIdentifier>{4FC737F1-C7A5-4376-A066-2A32D752A2FF}</UniqueIdentifier>
      <Extensions>cpp;c;cc;cxx;def;odl;idl;hpj;bat;asm;asmx</Extensions>
    </Filter>
    <Filter Include="헤더 파일">
      <UniqueIdentifier>{93995380-89BD-4b04-88EB-625FBE52EBFB}</UniqueIdentifier>
      <Extensions>h;hh;hpp;hxx;hm;inl;inc;ipp;xsd</Extensions>
    </Filter>
    <Filter Include="리소스 파일">
      <UniqueIdentifier>{67DA6AB6-F800-4c08-8B7A-83BB121AAD01}</UniqueIdentifier>
      <Extensions>rc;ico;cur;bmp;dlg;rc2;rct;bin;rgs;gif;jpg;jpeg;jpe;resx;tiff;tif;png;wav;mfcribbon-ms</Extensions>
    </Filter>
  </ItemGroup>
  <ItemGroup>
    <ClCompile Include="3_단위전략1.cpp">
      <Filter>소스 파일</Filter>
    </ClCompile>
    <ClCompile Include="3_단위전략2.cpp">
      <Filter>소스 파일</Filter>
    </ClCompile>
    <ClCompile Include="3_단위전략3.cpp">
      <Filter>소스 파일</Filter>
    </ClCompile>
    <ClCompile Include="4_컨테이너의공통의특징.cpp">
      <Filter>소스 파일</Filter>
    </ClCompile>
    <ClCompile Include="5_선형컨테이너1.cpp">
      <Filter>소스 파일</Filter>
    </ClCompile>
    <ClCompile Include="5_선형컨테이너2.cpp">
      <Filter>소스 파일</Filter>
    </ClCompile>
    <ClCompile Include="5_선형컨테이너3.cpp">
      <Filter>소스 파일</Filter>
    </ClCompile>
    <ClCompile Include="5_선형컨테이너4.cpp">
      <Filter>소스 파일</Filter>
    </ClCompile>
    <ClCompile Include="5_선형컨테이너5.cpp">
      <Filter>소스 파일</Filter>
    </ClCompile>
    <ClCompile Include="5_선형컨테이너6.cpp">
      <Filter>소스 파일</Filter>
    </ClCompile>
    <ClCompile Include="6_사용자정의타입1.cpp">
      <Filter>소스 파일</Filter>
    </ClCompile>
    <ClCompile Include="6_사용자정의타입2.cpp">
      <Filter>소스 파일</Filter>
    </ClCompile>
    <ClCompile Include="6_사용자정의타입3.cpp">
      <Filter>소스 파일</Filter>
    </ClCompile>
    <ClCompile Include="6_사용자정의타입4.cpp">
      <Filter>소스 파일</Filter>
    </ClCompile>
    <ClCompile Include="7_array.cpp">
      <Filter>소스 파일</Filter>
    </ClCompile>
    <ClCompile Include="8_컨테이너어답터1.cpp">
      <Filter>소스 파일</Filter>
    </ClCompile>
    <ClCompile Include="8_컨테이너어답터2.cpp">
      <Filter>소스 파일</Filter>
    </ClCompile>
    <ClCompile Include="8_컨테이너어답터3.cpp">
      <Filter>소스 파일</Filter>
    </ClCompile>
    <ClCompile Include="8_컨테이너어답터4.cpp">
      <Filter>소스 파일</Filter>
    </ClCompile>
    <ClCompile Include="9_유틸리티1.cpp">
      <Filter>소스 파일</Filter>
    </ClCompile>
    <ClCompile Include="9_유틸리티2.cpp">
      <Filter>소스 파일</Filter>
    </ClCompile>
    <ClCompile Include="10_set1.cpp">
      <Filter>소스 파일</Filter>
    </ClCompile>
    <ClCompile Include="10_set2.cpp">
      <Filter>소스 파일</Filter>
    </ClCompile>
    <ClCompile Include="10_set3.cpp">
      <Filter>소스 파일</Filter>
    </ClCompile>
    <ClCompile Include="10_set4.cpp">
      <Filter>소스 파일</Filter>
    </ClCompile>
    <ClCompile Include="11_map1.cpp">
      <Filter>소스 파일</Filter>
    </ClCompile>
    <ClCompile Include="11_map2.cpp">
      <Filter>소스 파일</Filter>
    </ClCompile>
    <ClCompile Include="9_유틸리티3.cpp">
      <Filter>소스 파일</Filter>
    </ClCompile>
    <ClCompile Include="1_lambda1.cpp">
      <Filter>소스 파일</Filter>
    </ClCompile>
    <ClCompile Include="2_constrained_algorithm1.cpp">
      <Filter>소스 파일</Filter>
    </ClCompile>
    <ClCompile Include="2_constrained_algorithm2.cpp">
      <Filter>소스 파일</Filter>
    </ClCompile>
    <ClCompile Include="2_constrained_algorithm3.cpp">
      <Filter>소스 파일</Filter>
    </ClCompile>
    <ClCompile Include="2_constrained_algorithm4.cpp">
      <Filter>소스 파일</Filter>
    </ClCompile>
    <ClCompile Include="1_lambda2.cpp">
      <Filter>소스 파일</Filter>
    </ClCompile>
    <ClCompile Include="2_constrained_algorithm1_1.cpp">
      <Filter>소스 파일</Filter>
    </ClCompile>
    <ClCompile Include="QNA.cpp">
      <Filter>소스 파일</Filter>
    </ClCompile>
    <ClCompile Include="QNA2.cpp">
      <Filter>소스 파일</Filter>
    </ClCompile>
    <ClCompile Include="5_선형컨테이너3_1.cpp">
      <Filter>소스 파일</Filter>
    </ClCompile>
    <ClCompile Include="QNA3-2.cpp">
      <Filter>소스 파일</Filter>
    </ClCompile>
    <ClCompile Include="QNA3-1.cpp">
      <Filter>소스 파일</Filter>
    </ClCompile>
    <ClCompile Include="7_array_2.cpp">
      <Filter>소스 파일</Filter>
    </ClCompile>
    <ClCompile Include="8_컨테이너어답터1_1.cpp">
      <Filter>소스 파일</Filter>
    </ClCompile>
    <ClCompile Include="QNA4.cpp">
      <Filter>소스 파일</Filter>
    </ClCompile>
    <ClCompile Include="QNA5_1.cpp">
      <Filter>소스 파일</Filter>
    </ClCompile>
    <ClCompile Include="QNA5.cpp">
      <Filter>소스 파일</Filter>
    </ClCompile>
    <ClCompile Include="QNA5_2.cpp">
      <Filter>소스 파일</Filter>
    </ClCompile>
    <ClCompile Include="QNA5_3.cpp">
      <Filter>소스 파일</Filter>
    </ClCompile>
    <ClCompile Include="QNA5_4.cpp">
      <Filter>소스 파일</Filter>
    </ClCompile>
    <ClCompile Include="9_유틸리티4.cpp">
      <Filter>소스 파일</Filter>
    </ClCompile>
    <ClCompile Include="9_유틸리티5.cpp">
      <Filter>소스 파일</Filter>
    </ClCompile>
    <ClCompile Include="print.cpp">
      <Filter>소스 파일</Filter>
    </ClCompile>
  </ItemGroup>
  <ItemGroup>
    <ClInclude Include="show.h">
      <Filter>소스 파일</Filter>
    </ClInclude>
    <ClInclude Include="chronometry.h">
      <Filter>소스 파일</Filter>
    </ClInclude>
  </ItemGroup>
</Project>